
Microsoft Visual Studio Solution File, Format Version 12.00
# Visual Studio Version 16
VisualStudioVersion = 16.0.30104.148
MinimumVisualStudioVersion = 10.0.40219.1
Project("{FAE04EC0-301F-11D3-BF4B-00C04F79EFBC}") = "Generics Lab", "Generics Lab.csproj", "{BABA4603-7835-4A8E-91EF-295C00888D28}"
EndProject
Project("{FAE04EC0-301F-11D3-BF4B-00C04F79EFBC}") = "Generic Array Creator", "Generic Array Creator\Generic Array Creator.csproj", "{8966AD85-CF8D-4AE2-A83B-B4C02FAE12E5}"
EndProject
Project("{FAE04EC0-301F-11D3-BF4B-00C04F79EFBC}") = "Generic scale", "Generic scale\Generic scale.csproj", "{243D29E0-B877-4CD9-A11A-E3D6E932C99C}"
EndProject
Global
	GlobalSection(SolutionConfigurationPlatforms) = preSolution
		Debug|Any CPU = Debug|Any CPU
		Release|Any CPU = Release|Any CPU
	EndGlobalSection
	GlobalSection(ProjectConfigurationPlatforms) = postSolution
		{BABA4603-7835-4A8E-91EF-295C00888D28}.Debug|Any CPU.ActiveCfg = Debug|Any CPU
		{BABA4603-7835-4A8E-91EF-295C00888D28}.Debug|Any CPU.Build.0 = Debug|Any CPU
		{BABA4603-7835-4A8E-91EF-295C00888D28}.Release|Any CPU.ActiveCfg = Release|Any CPU
		{BABA4603-7835-4A8E-91EF-295C00888D28}.Release|Any CPU.Build.0 = Release|Any CPU
		{8966AD85-CF8D-4AE2-A83B-B4C02FAE12E5}.Debug|Any CPU.ActiveCfg = Debug|Any CPU
		{8966AD85-CF8D-4AE2-A83B-B4C02FAE12E5}.Debug|Any CPU.Build.0 = Debug|Any CPU
		{8966AD85-CF8D-4AE2-A83B-B4C02FAE12E5}.Release|Any CPU.ActiveCfg = Release|Any CPU
		{8966AD85-CF8D-4AE2-A83B-B4C02FAE12E5}.Release|Any CPU.Build.0 = Release|Any CPU
		{243D29E0-B877-4CD9-A11A-E3D6E932C99C}.Debug|Any CPU.ActiveCfg = Debug|Any CPU
		{243D29E0-B877-4CD9-A11A-E3D6E932C99C}.Debug|Any CPU.Build.0 = Debug|Any CPU
		{243D29E0-B877-4CD9-A11A-E3D6E932C99C}.Release|Any CPU.ActiveCfg = Release|Any CPU
		{243D29E0-B877-4CD9-A11A-E3D6E932C99C}.Release|Any CPU.Build.0 = Release|Any CPU
	EndGlobalSection
	GlobalSection(SolutionProperties) = preSolution
		HideSolutionNode = FALSE
	EndGlobalSection
	GlobalSection(ExtensibilityGlobals) = postSolution
		SolutionGuid = {E4C56579-4DE4-4DD9-8A56-B4D2C6576CF2}
	EndGlobalSection
EndGlobal
